
Microsoft Visual Studio Solution File, Format Version 12.00
# Visual Studio Version 17
VisualStudioVersion = 17.2.32516.85
MinimumVisualStudioVersion = 10.0.40219.1
Project("{FAE04EC0-301F-11D3-BF4B-00C04F79EFBC}") = "ConsoleApp1", "ConsoleApp1\ConsoleApp1.csproj", "{08BE95F6-54C3-4111-9646-953E010A398A}"
EndProject
Global
	GlobalSection(SolutionConfigurationPlatforms) = preSolution
		Debug|Any CPU = Debug|Any CPU
		Release|Any CPU = Release|Any CPU
	EndGlobalSection
	GlobalSection(ProjectConfigurationPlatforms) = postSolution
		{08BE95F6-54C3-4111-9646-953E010A398A}.Debug|Any CPU.ActiveCfg = Debug|Any CPU
		{08BE95F6-54C3-4111-9646-953E010A398A}.Debug|Any CPU.Build.0 = Debug|Any CPU
		{08BE95F6-54C3-4111-9646-953E010A398A}.Release|Any CPU.ActiveCfg = Release|Any CPU
		{08BE95F6-54C3-4111-9646-953E010A398A}.Release|Any CPU.Build.0 = Release|Any CPU
	EndGlobalSection
	GlobalSection(SolutionProperties) = preSolution
		HideSolutionNode = FALSE
	EndGlobalSection
	GlobalSection(ExtensibilityGlobals) = postSolution
		SolutionGuid = {1BC5E41F-D91E-4F38-94B3-692F85DD099C}
	EndGlobalSection
EndGlobal
